// !$*UTF8*$!
{
	archiveVersion = 1;
	classes = {
	};
	objectVersion = 46;
	objects = {

/* Begin PBXBuildFile section */
		0BC3FDAF15A5D01F00CA132D /* UIKit.framework in Frameworks */ = {isa = PBXBuildFile; fileRef = 0BC3FDAE15A5D01F00CA132D /* UIKit.framework */; };
		0BC3FDB115A5D01F00CA132D /* Foundation.framework in Frameworks */ = {isa = PBXBuildFile; fileRef = 0BC3FDB015A5D01F00CA132D /* Foundation.framework */; };
		0BC3FDB315A5D01F00CA132D /* CoreGraphics.framework in Frameworks */ = {isa = PBXBuildFile; fileRef = 0BC3FDB215A5D01F00CA132D /* CoreGraphics.framework */; };
		0BC3FDB915A5D02000CA132D /* InfoPlist.strings in Resources */ = {isa = PBXBuildFile; fileRef = 0BC3FDB715A5D02000CA132D /* InfoPlist.strings */; };
		0BC3FDBB15A5D02000CA132D /* main.m in Sources */ = {isa = PBXBuildFile; fileRef = 0BC3FDBA15A5D02000CA132D /* main.m */; };
		0BC3FDBF15A5D02000CA132D /* AppDelegate.m in Sources */ = {isa = PBXBuildFile; fileRef = 0BC3FDBE15A5D02000CA132D /* AppDelegate.m */; };
		0BC3FDC215A5D02000CA132D /* ViewController.m in Sources */ = {isa = PBXBuildFile; fileRef = 0BC3FDC115A5D02000CA132D /* ViewController.m */; };
		0BC3FDC515A5D02000CA132D /* ViewController_iPhone.xib in Resources */ = {isa = PBXBuildFile; fileRef = 0BC3FDC315A5D02000CA132D /* ViewController_iPhone.xib */; };
		0BC3FDC815A5D02000CA132D /* ViewController_iPad.xib in Resources */ = {isa = PBXBuildFile; fileRef = 0BC3FDC615A5D02000CA132D /* ViewController_iPad.xib */; };
		0BC3FE0815A5D25F00CA132D /* UIDevice+Custom.m in Sources */ = {isa = PBXBuildFile; fileRef = 0BC3FE0715A5D25F00CA132D /* UIDevice+Custom.m */; };
		B16425B618E7F6810029601F /* AppInfoItem.m in Sources */ = {isa = PBXBuildFile; fileRef = B16425B518E7F6810029601F /* AppInfoItem.m */; };
		B16425B918E7F6A70029601F /* AppItemCell.m in Sources */ = {isa = PBXBuildFile; fileRef = B16425B818E7F6A70029601F /* AppItemCell.m */; };
		B16425BC18E7F81B0029601F /* AppManager.m in Sources */ = {isa = PBXBuildFile; fileRef = B16425BB18E7F81B0029601F /* AppManager.m */; };
		B1B734D718E99A4F00B3EB03 /* OurAppsVC.m in Sources */ = {isa = PBXBuildFile; fileRef = B1B734D618E99A4F00B3EB03 /* OurAppsVC.m */; };
		B1B734D918E9A16E00B3EB03 /* Default-568h@2x.png in Resources */ = {isa = PBXBuildFile; fileRef = B1B734D818E9A16E00B3EB03 /* Default-568h@2x.png */; };
		FF16AAD11817BE5D00AA0D26 /* MBProgressHUD.m in Sources */ = {isa = PBXBuildFile; fileRef = FF16AACE1817BE5D00AA0D26 /* MBProgressHUD.m */; };
		FF16AAD21817BE5D00AA0D26 /* UIView+MBProgressHUD.m in Sources */ = {isa = PBXBuildFile; fileRef = FF16AAD01817BE5D00AA0D26 /* UIView+MBProgressHUD.m */; };
		FF1EB0161C5B4F7000E0F6C6 /* NBLHTTPFileManager.m in Sources */ = {isa = PBXBuildFile; fileRef = FF1EB0131C5B4F7000E0F6C6 /* NBLHTTPFileManager.m */; };
		FF1EB0171C5B4F7000E0F6C6 /* NBLHTTPManager.m in Sources */ = {isa = PBXBuildFile; fileRef = FF1EB0151C5B4F7000E0F6C6 /* NBLHTTPManager.m */; };
		FF1EB01B1C5B546000E0F6C6 /* UIImageView+NBL.m in Sources */ = {isa = PBXBuildFile; fileRef = FF1EB01A1C5B546000E0F6C6 /* UIImageView+NBL.m */; };
		FF500AB61AE499270026F47D /* UIScrollView+PullRefresh.m in Sources */ = {isa = PBXBuildFile; fileRef = FF500AB51AE499270026F47D /* UIScrollView+PullRefresh.m */; };
/* End PBXBuildFile section */

/* Begin PBXFileReference section */
		0BC3FDAA15A5D01F00CA132D /* testOurApps.app */ = {isa = PBXFileReference; explicitFileType = wrapper.application; includeInIndex = 0; path = testOurApps.app; sourceTree = BUILT_PRODUCTS_DIR; };
		0BC3FDAE15A5D01F00CA132D /* UIKit.framework */ = {isa = PBXFileReference; lastKnownFileType = wrapper.framework; name = UIKit.framework; path = System/Library/Frameworks/UIKit.framework; sourceTree = SDKROOT; };
		0BC3FDB015A5D01F00CA132D /* Foundation.framework */ = {isa = PBXFileReference; lastKnownFileType = wrapper.framework; name = Foundation.framework; path = System/Library/Frameworks/Foundation.framework; sourceTree = SDKROOT; };
		0BC3FDB215A5D01F00CA132D /* CoreGraphics.framework */ = {isa = PBXFileReference; lastKnownFileType = wrapper.framework; name = CoreGraphics.framework; path = System/Library/Frameworks/CoreGraphics.framework; sourceTree = SDKROOT; };
		0BC3FDB615A5D01F00CA132D /* testOurApps-Info.plist */ = {isa = PBXFileReference; lastKnownFileType = text.plist.xml; path = "testOurApps-Info.plist"; sourceTree = "<group>"; };
		0BC3FDB815A5D02000CA132D /* en */ = {isa = PBXFileReference; lastKnownFileType = text.plist.strings; name = en; path = en.lproj/InfoPlist.strings; sourceTree = "<group>"; };
		0BC3FDBA15A5D02000CA132D /* main.m */ = {isa = PBXFileReference; lastKnownFileType = sourcecode.c.objc; path = main.m; sourceTree = "<group>"; };
		0BC3FDBC15A5D02000CA132D /* testOurApps-Prefix.pch */ = {isa = PBXFileReference; lastKnownFileType = sourcecode.c.h; path = "testOurApps-Prefix.pch"; sourceTree = "<group>"; };
		0BC3FDBD15A5D02000CA132D /* AppDelegate.h */ = {isa = PBXFileReference; lastKnownFileType = sourcecode.c.h; path = AppDelegate.h; sourceTree = "<group>"; };
		0BC3FDBE15A5D02000CA132D /* AppDelegate.m */ = {isa = PBXFileReference; lastKnownFileType = sourcecode.c.objc; path = AppDelegate.m; sourceTree = "<group>"; };
		0BC3FDC015A5D02000CA132D /* ViewController.h */ = {isa = PBXFileReference; lastKnownFileType = sourcecode.c.h; path = ViewController.h; sourceTree = "<group>"; };
		0BC3FDC115A5D02000CA132D /* ViewController.m */ = {isa = PBXFileReference; lastKnownFileType = sourcecode.c.objc; path = ViewController.m; sourceTree = "<group>"; };
		0BC3FDC415A5D02000CA132D /* en */ = {isa = PBXFileReference; lastKnownFileType = file.xib; name = en; path = en.lproj/ViewController_iPhone.xib; sourceTree = "<group>"; };
		0BC3FDC715A5D02000CA132D /* en */ = {isa = PBXFileReference; lastKnownFileType = file.xib; name = en; path = en.lproj/ViewController_iPad.xib; sourceTree = "<group>"; };
		0BC3FE0615A5D25F00CA132D /* UIDevice+Custom.h */ = {isa = PBXFileReference; fileEncoding = 4; lastKnownFileType = sourcecode.c.h; path = "UIDevice+Custom.h"; sourceTree = "<group>"; };
		0BC3FE0715A5D25F00CA132D /* UIDevice+Custom.m */ = {isa = PBXFileReference; fileEncoding = 4; lastKnownFileType = sourcecode.c.objc; path = "UIDevice+Custom.m"; sourceTree = "<group>"; };
		B16425B418E7F6810029601F /* AppInfoItem.h */ = {isa = PBXFileReference; fileEncoding = 4; lastKnownFileType = sourcecode.c.h; path = AppInfoItem.h; sourceTree = "<group>"; };
		B16425B518E7F6810029601F /* AppInfoItem.m */ = {isa = PBXFileReference; fileEncoding = 4; lastKnownFileType = sourcecode.c.objc; path = AppInfoItem.m; sourceTree = "<group>"; };
		B16425B718E7F6A70029601F /* AppItemCell.h */ = {isa = PBXFileReference; fileEncoding = 4; lastKnownFileType = sourcecode.c.h; path = AppItemCell.h; sourceTree = "<group>"; };
		B16425B818E7F6A70029601F /* AppItemCell.m */ = {isa = PBXFileReference; fileEncoding = 4; lastKnownFileType = sourcecode.c.objc; path = AppItemCell.m; sourceTree = "<group>"; };
		B16425BA18E7F81B0029601F /* AppManager.h */ = {isa = PBXFileReference; fileEncoding = 4; lastKnownFileType = sourcecode.c.h; path = AppManager.h; sourceTree = "<group>"; };
		B16425BB18E7F81B0029601F /* AppManager.m */ = {isa = PBXFileReference; fileEncoding = 4; lastKnownFileType = sourcecode.c.objc; path = AppManager.m; sourceTree = "<group>"; };
		B1B734D518E99A4F00B3EB03 /* OurAppsVC.h */ = {isa = PBXFileReference; fileEncoding = 4; lastKnownFileType = sourcecode.c.h; path = OurAppsVC.h; sourceTree = "<group>"; };
		B1B734D618E99A4F00B3EB03 /* OurAppsVC.m */ = {isa = PBXFileReference; fileEncoding = 4; lastKnownFileType = sourcecode.c.objc; path = OurAppsVC.m; sourceTree = "<group>"; };
		B1B734D818E9A16E00B3EB03 /* Default-568h@2x.png */ = {isa = PBXFileReference; lastKnownFileType = image.png; path = "Default-568h@2x.png"; sourceTree = "<group>"; };
		FF16AACD1817BE5D00AA0D26 /* MBProgressHUD.h */ = {isa = PBXFileReference; fileEncoding = 4; lastKnownFileType = sourcecode.c.h; path = MBProgressHUD.h; sourceTree = "<group>"; };
		FF16AACE1817BE5D00AA0D26 /* MBProgressHUD.m */ = {isa = PBXFileReference; fileEncoding = 4; lastKnownFileType = sourcecode.c.objc; path = MBProgressHUD.m; sourceTree = "<group>"; };
		FF16AACF1817BE5D00AA0D26 /* UIView+MBProgressHUD.h */ = {isa = PBXFileReference; fileEncoding = 4; lastKnownFileType = sourcecode.c.h; path = "UIView+MBProgressHUD.h"; sourceTree = "<group>"; };
		FF16AAD01817BE5D00AA0D26 /* UIView+MBProgressHUD.m */ = {isa = PBXFileReference; fileEncoding = 4; lastKnownFileType = sourcecode.c.objc; path = "UIView+MBProgressHUD.m"; sourceTree = "<group>"; };
		FF1EB0121C5B4F7000E0F6C6 /* NBLHTTPFileManager.h */ = {isa = PBXFileReference; fileEncoding = 4; lastKnownFileType = sourcecode.c.h; path = NBLHTTPFileManager.h; sourceTree = "<group>"; };
		FF1EB0131C5B4F7000E0F6C6 /* NBLHTTPFileManager.m */ = {isa = PBXFileReference; fileEncoding = 4; lastKnownFileType = sourcecode.c.objc; path = NBLHTTPFileManager.m; sourceTree = "<group>"; };
		FF1EB0141C5B4F7000E0F6C6 /* NBLHTTPManager.h */ = {isa = PBXFileReference; fileEncoding = 4; lastKnownFileType = sourcecode.c.h; path = NBLHTTPManager.h; sourceTree = "<group>"; };
		FF1EB0151C5B4F7000E0F6C6 /* NBLHTTPManager.m */ = {isa = PBXFileReference; fileEncoding = 4; lastKnownFileType = sourcecode.c.objc; path = NBLHTTPManager.m; sourceTree = "<group>"; };
		FF1EB0191C5B546000E0F6C6 /* UIImageView+NBL.h */ = {isa = PBXFileReference; fileEncoding = 4; lastKnownFileType = sourcecode.c.h; path = "UIImageView+NBL.h"; sourceTree = "<group>"; };
		FF1EB01A1C5B546000E0F6C6 /* UIImageView+NBL.m */ = {isa = PBXFileReference; fileEncoding = 4; lastKnownFileType = sourcecode.c.objc; path = "UIImageView+NBL.m"; sourceTree = "<group>"; };
		FF500AB41AE499270026F47D /* UIScrollView+PullRefresh.h */ = {isa = PBXFileReference; fileEncoding = 4; lastKnownFileType = sourcecode.c.h; path = "UIScrollView+PullRefresh.h"; sourceTree = "<group>"; };
		FF500AB51AE499270026F47D /* UIScrollView+PullRefresh.m */ = {isa = PBXFileReference; fileEncoding = 4; lastKnownFileType = sourcecode.c.objc; path = "UIScrollView+PullRefresh.m"; sourceTree = "<group>"; };
/* End PBXFileReference section */

/* Begin PBXFrameworksBuildPhase section */
		0BC3FDA715A5D01F00CA132D /* Frameworks */ = {
			isa = PBXFrameworksBuildPhase;
			buildActionMask = 2147483647;
			files = (
				0BC3FDAF15A5D01F00CA132D /* UIKit.framework in Frameworks */,
				0BC3FDB115A5D01F00CA132D /* Foundation.framework in Frameworks */,
				0BC3FDB315A5D01F00CA132D /* CoreGraphics.framework in Frameworks */,
			);
			runOnlyForDeploymentPostprocessing = 0;
		};
/* End PBXFrameworksBuildPhase section */

/* Begin PBXGroup section */
		0BC3FD9F15A5D01F00CA132D = {
			isa = PBXGroup;
			children = (
				B1B734D818E9A16E00B3EB03 /* Default-568h@2x.png */,
				0BC3FDB415A5D01F00CA132D /* testOurApps */,
				0BC3FDAD15A5D01F00CA132D /* Frameworks */,
				0BC3FDAB15A5D01F00CA132D /* Products */,
			);
			sourceTree = "<group>";
		};
		0BC3FDAB15A5D01F00CA132D /* Products */ = {
			isa = PBXGroup;
			children = (
				0BC3FDAA15A5D01F00CA132D /* testOurApps.app */,
			);
			name = Products;
			sourceTree = "<group>";
		};
		0BC3FDAD15A5D01F00CA132D /* Frameworks */ = {
			isa = PBXGroup;
			children = (
				0BC3FDAE15A5D01F00CA132D /* UIKit.framework */,
				0BC3FDB015A5D01F00CA132D /* Foundation.framework */,
				0BC3FDB215A5D01F00CA132D /* CoreGraphics.framework */,
			);
			name = Frameworks;
			sourceTree = "<group>";
		};
		0BC3FDB415A5D01F00CA132D /* testOurApps */ = {
			isa = PBXGroup;
			children = (
				FF1EB0111C5B4F7000E0F6C6 /* SimplifiedAFN */,
				FF1EB0181C5B4FB300E0F6C6 /* SimplifiedAFN+UIKit */,
				0BC3FDF315A5D0E900CA132D /* Other */,
				0BC3FDD315A5D06100CA132D /* OurApps */,
				0BC3FDBD15A5D02000CA132D /* AppDelegate.h */,
				0BC3FDBE15A5D02000CA132D /* AppDelegate.m */,
				0BC3FDC015A5D02000CA132D /* ViewController.h */,
				0BC3FDC115A5D02000CA132D /* ViewController.m */,
				0BC3FDC315A5D02000CA132D /* ViewController_iPhone.xib */,
				0BC3FDC615A5D02000CA132D /* ViewController_iPad.xib */,
				0BC3FDB515A5D01F00CA132D /* Supporting Files */,
			);
			path = testOurApps;
			sourceTree = "<group>";
		};
		0BC3FDB515A5D01F00CA132D /* Supporting Files */ = {
			isa = PBXGroup;
			children = (
				0BC3FDB615A5D01F00CA132D /* testOurApps-Info.plist */,
				0BC3FDB715A5D02000CA132D /* InfoPlist.strings */,
				0BC3FDBA15A5D02000CA132D /* main.m */,
				0BC3FDBC15A5D02000CA132D /* testOurApps-Prefix.pch */,
			);
			name = "Supporting Files";
			sourceTree = "<group>";
		};
		0BC3FDD315A5D06100CA132D /* OurApps */ = {
			isa = PBXGroup;
			children = (
				B1B734D518E99A4F00B3EB03 /* OurAppsVC.h */,
				B1B734D618E99A4F00B3EB03 /* OurAppsVC.m */,
				B16425B418E7F6810029601F /* AppInfoItem.h */,
				B16425B518E7F6810029601F /* AppInfoItem.m */,
				B16425B718E7F6A70029601F /* AppItemCell.h */,
				B16425B818E7F6A70029601F /* AppItemCell.m */,
				B16425BA18E7F81B0029601F /* AppManager.h */,
				B16425BB18E7F81B0029601F /* AppManager.m */,
			);
			path = OurApps;
			sourceTree = "<group>";
		};
		0BC3FDF315A5D0E900CA132D /* Other */ = {
			isa = PBXGroup;
			children = (
				FF16AACD1817BE5D00AA0D26 /* MBProgressHUD.h */,
				FF16AACE1817BE5D00AA0D26 /* MBProgressHUD.m */,
				0BC3FE0615A5D25F00CA132D /* UIDevice+Custom.h */,
				0BC3FE0715A5D25F00CA132D /* UIDevice+Custom.m */,
				FF500AB41AE499270026F47D /* UIScrollView+PullRefresh.h */,
				FF500AB51AE499270026F47D /* UIScrollView+PullRefresh.m */,
				FF16AACF1817BE5D00AA0D26 /* UIView+MBProgressHUD.h */,
				FF16AAD01817BE5D00AA0D26 /* UIView+MBProgressHUD.m */,
			);
			path = Other;
			sourceTree = "<group>";
		};
		FF1EB0111C5B4F7000E0F6C6 /* SimplifiedAFN */ = {
			isa = PBXGroup;
			children = (
				FF1EB0121C5B4F7000E0F6C6 /* NBLHTTPFileManager.h */,
				FF1EB0131C5B4F7000E0F6C6 /* NBLHTTPFileManager.m */,
				FF1EB0141C5B4F7000E0F6C6 /* NBLHTTPManager.h */,
				FF1EB0151C5B4F7000E0F6C6 /* NBLHTTPManager.m */,
			);
			path = SimplifiedAFN;
			sourceTree = "<group>";
		};
		FF1EB0181C5B4FB300E0F6C6 /* SimplifiedAFN+UIKit */ = {
			isa = PBXGroup;
			children = (
				FF1EB0191C5B546000E0F6C6 /* UIImageView+NBL.h */,
				FF1EB01A1C5B546000E0F6C6 /* UIImageView+NBL.m */,
			);
			path = "SimplifiedAFN+UIKit";
			sourceTree = "<group>";
		};
/* End PBXGroup section */

/* Begin PBXNativeTarget section */
		0BC3FDA915A5D01F00CA132D /* testOurApps */ = {
			isa = PBXNativeTarget;
			buildConfigurationList = 0BC3FDCB15A5D02000CA132D /* Build configuration list for PBXNativeTarget "testOurApps" */;
			buildPhases = (
				0BC3FDA615A5D01F00CA132D /* Sources */,
				0BC3FDA715A5D01F00CA132D /* Frameworks */,
				0BC3FDA815A5D01F00CA132D /* Resources */,
			);
			buildRules = (
			);
			dependencies = (
			);
			name = testOurApps;
			productName = testOurApps;
			productReference = 0BC3FDAA15A5D01F00CA132D /* testOurApps.app */;
			productType = "com.apple.product-type.application";
		};
/* End PBXNativeTarget section */

/* Begin PBXProject section */
		0BC3FDA115A5D01F00CA132D /* Project object */ = {
			isa = PBXProject;
			attributes = {
				LastUpgradeCheck = 0510;
			};
			buildConfigurationList = 0BC3FDA415A5D01F00CA132D /* Build configuration list for PBXProject "testOurApps" */;
			compatibilityVersion = "Xcode 3.2";
			developmentRegion = English;
			hasScannedForEncodings = 0;
			knownRegions = (
				en,
			);
			mainGroup = 0BC3FD9F15A5D01F00CA132D;
			productRefGroup = 0BC3FDAB15A5D01F00CA132D /* Products */;
			projectDirPath = "";
			projectRoot = "";
			targets = (
				0BC3FDA915A5D01F00CA132D /* testOurApps */,
			);
		};
/* End PBXProject section */

/* Begin PBXResourcesBuildPhase section */
		0BC3FDA815A5D01F00CA132D /* Resources */ = {
			isa = PBXResourcesBuildPhase;
			buildActionMask = 2147483647;
			files = (
				0BC3FDB915A5D02000CA132D /* InfoPlist.strings in Resources */,
				B1B734D918E9A16E00B3EB03 /* Default-568h@2x.png in Resources */,
				0BC3FDC515A5D02000CA132D /* ViewController_iPhone.xib in Resources */,
				0BC3FDC815A5D02000CA132D /* ViewController_iPad.xib in Resources */,
			);
			runOnlyForDeploymentPostprocessing = 0;
		};
/* End PBXResourcesBuildPhase section */

/* Begin PBXSourcesBuildPhase section */
		0BC3FDA615A5D01F00CA132D /* Sources */ = {
			isa = PBXSourcesBuildPhase;
			buildActionMask = 2147483647;
			files = (
				0BC3FDBB15A5D02000CA132D /* main.m in Sources */,
				0BC3FDBF15A5D02000CA132D /* AppDelegate.m in Sources */,
				0BC3FDC215A5D02000CA132D /* ViewController.m in Sources */,
				B16425B618E7F6810029601F /* AppInfoItem.m in Sources */,
				FF1EB0161C5B4F7000E0F6C6 /* NBLHTTPFileManager.m in Sources */,
				FF16AAD11817BE5D00AA0D26 /* MBProgressHUD.m in Sources */,
				FF16AAD21817BE5D00AA0D26 /* UIView+MBProgressHUD.m in Sources */,
				FF1EB0171C5B4F7000E0F6C6 /* NBLHTTPManager.m in Sources */,
				B16425B918E7F6A70029601F /* AppItemCell.m in Sources */,
				B1B734D718E99A4F00B3EB03 /* OurAppsVC.m in Sources */,
				FF500AB61AE499270026F47D /* UIScrollView+PullRefresh.m in Sources */,
				0BC3FE0815A5D25F00CA132D /* UIDevice+Custom.m in Sources */,
				B16425BC18E7F81B0029601F /* AppManager.m in Sources */,
				FF1EB01B1C5B546000E0F6C6 /* UIImageView+NBL.m in Sources */,
			);
			runOnlyForDeploymentPostprocessing = 0;
		};
/* End PBXSourcesBuildPhase section */

/* Begin PBXVariantGroup section */
		0BC3FDB715A5D02000CA132D /* InfoPlist.strings */ = {
			isa = PBXVariantGroup;
			children = (
				0BC3FDB815A5D02000CA132D /* en */,
			);
			name = InfoPlist.strings;
			sourceTree = "<group>";
		};
		0BC3FDC315A5D02000CA132D /* ViewController_iPhone.xib */ = {
			isa = PBXVariantGroup;
			children = (
				0BC3FDC415A5D02000CA132D /* en */,
			);
			name = ViewController_iPhone.xib;
			sourceTree = "<group>";
		};
		0BC3FDC615A5D02000CA132D /* ViewController_iPad.xib */ = {
			isa = PBXVariantGroup;
			children = (
				0BC3FDC715A5D02000CA132D /* en */,
			);
			name = ViewController_iPad.xib;
			sourceTree = "<group>";
		};
/* End PBXVariantGroup section */

/* Begin XCBuildConfiguration section */
		0BC3FDC915A5D02000CA132D /* Debug */ = {
			isa = XCBuildConfiguration;
			buildSettings = {
				ALWAYS_SEARCH_USER_PATHS = NO;
				ARCHS = "$(ARCHS_STANDARD_32_BIT)";
				CLANG_WARN_BOOL_CONVERSION = YES;
				CLANG_WARN_CONSTANT_CONVERSION = YES;
				CLANG_WARN_EMPTY_BODY = YES;
				CLANG_WARN_ENUM_CONVERSION = YES;
				CLANG_WARN_INT_CONVERSION = YES;
				CLANG_WARN__DUPLICATE_METHOD_MATCH = YES;
				"CODE_SIGN_IDENTITY[sdk=iphoneos*]" = "iPhone Developer";
				COPY_PHASE_STRIP = NO;
				GCC_C_LANGUAGE_STANDARD = gnu99;
				GCC_DYNAMIC_NO_PIC = NO;
				GCC_OPTIMIZATION_LEVEL = 0;
				GCC_PREPROCESSOR_DEFINITIONS = (
					"DEBUG=1",
					"$(inherited)",
				);
				GCC_SYMBOLS_PRIVATE_EXTERN = NO;
				GCC_VERSION = com.apple.compilers.llvm.clang.1_0;
				GCC_WARN_64_TO_32_BIT_CONVERSION = YES;
				GCC_WARN_ABOUT_MISSING_PROTOTYPES = YES;
				GCC_WARN_ABOUT_RETURN_TYPE = YES;
				GCC_WARN_UNDECLARED_SELECTOR = YES;
				GCC_WARN_UNINITIALIZED_AUTOS = YES;
				GCC_WARN_UNUSED_FUNCTION = YES;
				GCC_WARN_UNUSED_VARIABLE = YES;
				IPHONEOS_DEPLOYMENT_TARGET = 5.0;
				ONLY_ACTIVE_ARCH = YES;
				SDKROOT = iphoneos;
				TARGETED_DEVICE_FAMILY = "1,2";
			};
			name = Debug;
		};
		0BC3FDCA15A5D02000CA132D /* Release */ = {
			isa = XCBuildConfiguration;
			buildSettings = {
				ALWAYS_SEARCH_USER_PATHS = NO;
				ARCHS = "$(ARCHS_STANDARD_32_BIT)";
				CLANG_WARN_BOOL_CONVERSION = YES;
				CLANG_WARN_CONSTANT_CONVERSION = YES;
				CLANG_WARN_EMPTY_BODY = YES;
				CLANG_WARN_ENUM_CONVERSION = YES;
				CLANG_WARN_INT_CONVERSION = YES;
				CLANG_WARN__DUPLICATE_METHOD_MATCH = YES;
				"CODE_SIGN_IDENTITY[sdk=iphoneos*]" = "iPhone Developer";
				COPY_PHASE_STRIP = YES;
				GCC_C_LANGUAGE_STANDARD = gnu99;
				GCC_VERSION = com.apple.compilers.llvm.clang.1_0;
				GCC_WARN_64_TO_32_BIT_CONVERSION = YES;
				GCC_WARN_ABOUT_MISSING_PROTOTYPES = YES;
				GCC_WARN_ABOUT_RETURN_TYPE = YES;
				GCC_WARN_UNDECLARED_SELECTOR = YES;
				GCC_WARN_UNINITIALIZED_AUTOS = YES;
				GCC_WARN_UNUSED_FUNCTION = YES;
				GCC_WARN_UNUSED_VARIABLE = YES;
				IPHONEOS_DEPLOYMENT_TARGET = 5.0;
				OTHER_CFLAGS = "-DNS_BLOCK_ASSERTIONS=1";
				SDKROOT = iphoneos;
				TARGETED_DEVICE_FAMILY = "1,2";
				VALIDATE_PRODUCT = YES;
			};
			name = Release;
		};
		0BC3FDCC15A5D02000CA132D /* Debug */ = {
			isa = XCBuildConfiguration;
			buildSettings = {
				CLANG_ENABLE_OBJC_ARC = YES;
				GCC_PRECOMPILE_PREFIX_HEADER = YES;
				GCC_PREFIX_HEADER = "testOurApps/testOurApps-Prefix.pch";
				INFOPLIST_FILE = "testOurApps/testOurApps-Info.plist";
				IPHONEOS_DEPLOYMENT_TARGET = 6.0;
				PRODUCT_NAME = "$(TARGET_NAME)";
				WRAPPER_EXTENSION = app;
			};
			name = Debug;
		};
		0BC3FDCD15A5D02000CA132D /* Release */ = {
			isa = XCBuildConfiguration;
			buildSettings = {
				CLANG_ENABLE_OBJC_ARC = YES;
				GCC_PRECOMPILE_PREFIX_HEADER = YES;
				GCC_PREFIX_HEADER = "testOurApps/testOurApps-Prefix.pch";
				INFOPLIST_FILE = "testOurApps/testOurApps-Info.plist";
				IPHONEOS_DEPLOYMENT_TARGET = 6.0;
				PRODUCT_NAME = "$(TARGET_NAME)";
				WRAPPER_EXTENSION = app;
			};
			name = Release;
		};
/* End XCBuildConfiguration section */

/* Begin XCConfigurationList section */
		0BC3FDA415A5D01F00CA132D /* Build configuration list for PBXProject "testOurApps" */ = {
			isa = XCConfigurationList;
			buildConfigurations = (
				0BC3FDC915A5D02000CA132D /* Debug */,
				0BC3FDCA15A5D02000CA132D /* Release */,
			);
			defaultConfigurationIsVisible = 0;
			defaultConfigurationName = Release;
		};
		0BC3FDCB15A5D02000CA132D /* Build configuration list for PBXNativeTarget "testOurApps" */ = {
			isa = XCConfigurationList;
			buildConfigurations = (
				0BC3FDCC15A5D02000CA132D /* Debug */,
				0BC3FDCD15A5D02000CA132D /* Release */,
			);
			defaultConfigurationIsVisible = 0;
			defaultConfigurationName = Release;
		};
/* End XCConfigurationList section */
	};
	rootObject = 0BC3FDA115A5D01F00CA132D /* Project object */;
}
